
Microsoft Visual Studio Solution File, Format Version 12.00
# Visual Studio 15
VisualStudioVersion = 15.0.27428.2027
MinimumVisualStudioVersion = 10.0.40219.1
Project("{9A19103F-16F7-4668-BE54-9A1E7A4F7556}") = "SimplePolicy", "SimplePolicy\SimplePolicy.csproj", "{322C366E-F891-47FD-A039-0FEF79BCB6D5}"
	ProjectSection(ProjectDependencies) = postProject
		{AFBD48FD-BBF3-464E-BD24-761F482FC9B9} = {AFBD48FD-BBF3-464E-BD24-761F482FC9B9}
	EndProjectSection
EndProject
Project("{9A19103F-16F7-4668-BE54-9A1E7A4F7556}") = "ApplicationLogs", "ApplicationLogs\ApplicationLogs.csproj", "{84DA8EA6-EF60-4FCD-B1C6-65C1A8323B3F}"
EndProject
Project("{9A19103F-16F7-4668-BE54-9A1E7A4F7556}") = "StatesDumper", "StatesDumper\StatesDumper.csproj", "{86531DB1-A231-46C4-823F-BE60972F7523}"
EndProject
Project("{9A19103F-16F7-4668-BE54-9A1E7A4F7556}") = "ImportBlocks", "ImportBlocks\ImportBlocks.csproj", "{B7A42984-57BB-4F8D-967B-23B0E841B726}"
EndProject
Project("{9A19103F-16F7-4668-BE54-9A1E7A4F7556}") = "Zoro", "..\Zoro\Zoro\Zoro.csproj", "{AFBD48FD-BBF3-464E-BD24-761F482FC9B9}"
EndProject
Project("{9A19103F-16F7-4668-BE54-9A1E7A4F7556}") = "RpcAgent", "RpcAgent\RpcAgent.csproj", "{5E2F87EA-E168-4F30-BE60-8B396DC6423E}"
EndProject
Project("{9A19103F-16F7-4668-BE54-9A1E7A4F7556}") = "Cowboy.Sockets", "..\CowboyLib\Cowboy.Sockets\Cowboy.Sockets.csproj", "{9DC2966E-59F9-4B28-941E-55FC9F3CA677}"
EndProject
Project("{9A19103F-16F7-4668-BE54-9A1E7A4F7556}") = "Logrila.Logging", "..\CowboyLib\Logrila.Logging\Logrila.Logging.csproj", "{02252263-D37C-4589-BA60-E198563BEB08}"
EndProject
Project("{2150E333-8FDC-42A3-9474-1A3956D46DE8}") = "Cowboy-Libs", "Cowboy-Libs", "{E65067AA-7E65-4C72-B621-F7B5E8550C3A}"
EndProject
Project("{2150E333-8FDC-42A3-9474-1A3956D46DE8}") = "Zoro-Plugins", "Zoro-Plugins", "{076D5740-9E75-46B9-8E1F-10375E1B12F6}"
EndProject
Project("{2150E333-8FDC-42A3-9474-1A3956D46DE8}") = "Zoro-Projects", "Zoro-Projects", "{7BE82433-8E6D-49AF-B640-5D6CD45ED93C}"
EndProject
Project("{9A19103F-16F7-4668-BE54-9A1E7A4F7556}") = "RpcSecurity", "RpcSecurity\RpcSecurity.csproj", "{D0D3BE6E-1171-4922-9FC9-3B48A2BBAA44}"
EndProject
Project("{9A19103F-16F7-4668-BE54-9A1E7A4F7556}") = "Zoro-Cli", "..\Zoro-Cli\zoro-cli\Zoro-Cli.csproj", "{06B3C8DF-B66D-40F9-835C-684B4C73B967}"
EndProject
Global
	GlobalSection(SolutionConfigurationPlatforms) = preSolution
		Debug|Any CPU = Debug|Any CPU
		Release|Any CPU = Release|Any CPU
	EndGlobalSection
	GlobalSection(ProjectConfigurationPlatforms) = postSolution
		{322C366E-F891-47FD-A039-0FEF79BCB6D5}.Debug|Any CPU.ActiveCfg = Debug|Any CPU
		{322C366E-F891-47FD-A039-0FEF79BCB6D5}.Debug|Any CPU.Build.0 = Debug|Any CPU
		{322C366E-F891-47FD-A039-0FEF79BCB6D5}.Release|Any CPU.ActiveCfg = Release|Any CPU
		{322C366E-F891-47FD-A039-0FEF79BCB6D5}.Release|Any CPU.Build.0 = Release|Any CPU
		{84DA8EA6-EF60-4FCD-B1C6-65C1A8323B3F}.Debug|Any CPU.ActiveCfg = Debug|Any CPU
		{84DA8EA6-EF60-4FCD-B1C6-65C1A8323B3F}.Debug|Any CPU.Build.0 = Debug|Any CPU
		{84DA8EA6-EF60-4FCD-B1C6-65C1A8323B3F}.Release|Any CPU.ActiveCfg = Release|Any CPU
		{84DA8EA6-EF60-4FCD-B1C6-65C1A8323B3F}.Release|Any CPU.Build.0 = Release|Any CPU
		{86531DB1-A231-46C4-823F-BE60972F7523}.Debug|Any CPU.ActiveCfg = Debug|Any CPU
		{86531DB1-A231-46C4-823F-BE60972F7523}.Debug|Any CPU.Build.0 = Debug|Any CPU
		{86531DB1-A231-46C4-823F-BE60972F7523}.Release|Any CPU.ActiveCfg = Release|Any CPU
		{86531DB1-A231-46C4-823F-BE60972F7523}.Release|Any CPU.Build.0 = Release|Any CPU
		{B7A42984-57BB-4F8D-967B-23B0E841B726}.Debug|Any CPU.ActiveCfg = Debug|Any CPU
		{B7A42984-57BB-4F8D-967B-23B0E841B726}.Debug|Any CPU.Build.0 = Debug|Any CPU
		{B7A42984-57BB-4F8D-967B-23B0E841B726}.Release|Any CPU.ActiveCfg = Release|Any CPU
		{B7A42984-57BB-4F8D-967B-23B0E841B726}.Release|Any CPU.Build.0 = Release|Any CPU
		{AFBD48FD-BBF3-464E-BD24-761F482FC9B9}.Debug|Any CPU.ActiveCfg = Debug|Any CPU
		{AFBD48FD-BBF3-464E-BD24-761F482FC9B9}.Debug|Any CPU.Build.0 = Debug|Any CPU
		{AFBD48FD-BBF3-464E-BD24-761F482FC9B9}.Release|Any CPU.ActiveCfg = Release|Any CPU
		{AFBD48FD-BBF3-464E-BD24-761F482FC9B9}.Release|Any CPU.Build.0 = Release|Any CPU
		{5E2F87EA-E168-4F30-BE60-8B396DC6423E}.Debug|Any CPU.ActiveCfg = Debug|Any CPU
		{5E2F87EA-E168-4F30-BE60-8B396DC6423E}.Debug|Any CPU.Build.0 = Debug|Any CPU
		{5E2F87EA-E168-4F30-BE60-8B396DC6423E}.Release|Any CPU.ActiveCfg = Release|Any CPU
		{5E2F87EA-E168-4F30-BE60-8B396DC6423E}.Release|Any CPU.Build.0 = Release|Any CPU
		{9DC2966E-59F9-4B28-941E-55FC9F3CA677}.Debug|Any CPU.ActiveCfg = Debug|Any CPU
		{9DC2966E-59F9-4B28-941E-55FC9F3CA677}.Debug|Any CPU.Build.0 = Debug|Any CPU
		{9DC2966E-59F9-4B28-941E-55FC9F3CA677}.Release|Any CPU.ActiveCfg = Release|Any CPU
		{9DC2966E-59F9-4B28-941E-55FC9F3CA677}.Release|Any CPU.Build.0 = Release|Any CPU
		{02252263-D37C-4589-BA60-E198563BEB08}.Debug|Any CPU.ActiveCfg = Debug|Any CPU
		{02252263-D37C-4589-BA60-E198563BEB08}.Debug|Any CPU.Build.0 = Debug|Any CPU
		{02252263-D37C-4589-BA60-E198563BEB08}.Release|Any CPU.ActiveCfg = Release|Any CPU
		{02252263-D37C-4589-BA60-E198563BEB08}.Release|Any CPU.Build.0 = Release|Any CPU
		{D0D3BE6E-1171-4922-9FC9-3B48A2BBAA44}.Debug|Any CPU.ActiveCfg = Debug|Any CPU
		{D0D3BE6E-1171-4922-9FC9-3B48A2BBAA44}.Debug|Any CPU.Build.0 = Debug|Any CPU
		{D0D3BE6E-1171-4922-9FC9-3B48A2BBAA44}.Release|Any CPU.ActiveCfg = Release|Any CPU
		{D0D3BE6E-1171-4922-9FC9-3B48A2BBAA44}.Release|Any CPU.Build.0 = Release|Any CPU
		{06B3C8DF-B66D-40F9-835C-684B4C73B967}.Debug|Any CPU.ActiveCfg = Debug|Any CPU
		{06B3C8DF-B66D-40F9-835C-684B4C73B967}.Debug|Any CPU.Build.0 = Debug|Any CPU
		{06B3C8DF-B66D-40F9-835C-684B4C73B967}.Release|Any CPU.ActiveCfg = Release|Any CPU
		{06B3C8DF-B66D-40F9-835C-684B4C73B967}.Release|Any CPU.Build.0 = Release|Any CPU
	EndGlobalSection
	GlobalSection(SolutionProperties) = preSolution
		HideSolutionNode = FALSE
	EndGlobalSection
	GlobalSection(NestedProjects) = preSolution
		{322C366E-F891-47FD-A039-0FEF79BCB6D5} = {076D5740-9E75-46B9-8E1F-10375E1B12F6}
		{84DA8EA6-EF60-4FCD-B1C6-65C1A8323B3F} = {076D5740-9E75-46B9-8E1F-10375E1B12F6}
		{86531DB1-A231-46C4-823F-BE60972F7523} = {076D5740-9E75-46B9-8E1F-10375E1B12F6}
		{B7A42984-57BB-4F8D-967B-23B0E841B726} = {076D5740-9E75-46B9-8E1F-10375E1B12F6}
		{AFBD48FD-BBF3-464E-BD24-761F482FC9B9} = {7BE82433-8E6D-49AF-B640-5D6CD45ED93C}
		{5E2F87EA-E168-4F30-BE60-8B396DC6423E} = {076D5740-9E75-46B9-8E1F-10375E1B12F6}
		{9DC2966E-59F9-4B28-941E-55FC9F3CA677} = {E65067AA-7E65-4C72-B621-F7B5E8550C3A}
		{02252263-D37C-4589-BA60-E198563BEB08} = {E65067AA-7E65-4C72-B621-F7B5E8550C3A}
		{D0D3BE6E-1171-4922-9FC9-3B48A2BBAA44} = {076D5740-9E75-46B9-8E1F-10375E1B12F6}
		{06B3C8DF-B66D-40F9-835C-684B4C73B967} = {7BE82433-8E6D-49AF-B640-5D6CD45ED93C}
	EndGlobalSection
	GlobalSection(ExtensibilityGlobals) = postSolution
		SolutionGuid = {61D3ADE6-BBFC-402D-AB42-1C71C9F9EDE3}
	EndGlobalSection
EndGlobal
